# This file is automatically @generated by Cargo.
# It is not intended for manual editing.
version = 4

[[package]]
name = "normalizer"
version = "0.1.0"
dependencies = [
 "pinocchio",
]

[[package]]
name = "pinocchio"
version = "0.7.1"
source = "registry+https://github.com/rust-lang/crates.io-index"
checksum = "43a8a77bf74e1c4050a2bad53648acfcfbf22b1806473f9c9334a58ef3b38ec4"
